
Microsoft Visual Studio Solution File, Format Version 12.00
# Visual Studio 2013
VisualStudioVersion = 12.0.21005.1
MinimumVisualStudioVersion = 10.0.40219.1
Project("{FAE04EC0-301F-11D3-BF4B-00C04F79EFBC}") = "PDSystem", "PDSystem\PDSystem.csproj", "{279FC4EB-9DEF-4202-900E-5DD443ABCB20}"
EndProject
Project("{54435603-DBB4-11D2-8724-00A0C9A8B90C}") = "PWOSystem", "Setup\PWOSystem\PWOSystem.vdproj", "{88CF0657-5D7E-4406-B3C2-2ED1688E71D4}"
EndProject
Global
	GlobalSection(SolutionConfigurationPlatforms) = preSolution
		Debug|x86 = Debug|x86
		Release|x86 = Release|x86
	EndGlobalSection
	GlobalSection(ProjectConfigurationPlatforms) = postSolution
		{279FC4EB-9DEF-4202-900E-5DD443ABCB20}.Debug|x86.ActiveCfg = Debug|x86
		{279FC4EB-9DEF-4202-900E-5DD443ABCB20}.Debug|x86.Build.0 = Debug|x86
		{279FC4EB-9DEF-4202-900E-5DD443ABCB20}.Release|x86.ActiveCfg = Release|x86
		{279FC4EB-9DEF-4202-900E-5DD443ABCB20}.Release|x86.Build.0 = Release|x86
		{88CF0657-5D7E-4406-B3C2-2ED1688E71D4}.Debug|x86.ActiveCfg = Debug
		{88CF0657-5D7E-4406-B3C2-2ED1688E71D4}.Release|x86.ActiveCfg = Release
	EndGlobalSection
	GlobalSection(SolutionProperties) = preSolution
		HideSolutionNode = FALSE
	EndGlobalSection
EndGlobal
